// !$*UTF8*$!
{
	archiveVersion = 1;
	classes = {
	};
	objectVersion = 77;
	objects = {

/* Begin PBXContainerItemProxy section */
		F27933C52CFE18C40061E99E /* PBXContainerItemProxy */ = {
			isa = PBXContainerItemProxy;
			containerPortal = F27933AC2CFE18C20061E99E /* Project object */;
			proxyType = 1;
			remoteGlobalIDString = F27933B32CFE18C20061E99E;
			remoteInfo = Creativity;
		};
		F27933CF2CFE18C40061E99E /* PBXContainerItemProxy */ = {
			isa = PBXContainerItemProxy;
			containerPortal = F27933AC2CFE18C20061E99E /* Project object */;
			proxyType = 1;
			remoteGlobalIDString = F27933B32CFE18C20061E99E;
			remoteInfo = Creativity;
		};
/* End PBXContainerItemProxy section */

/* Begin PBXFileReference section */
		F27933B42CFE18C20061E99E /* Creativity.app */ = {isa = PBXFileReference; explicitFileType = wrapper.application; includeInIndex = 0; path = Creativity.app; sourceTree = BUILT_PRODUCTS_DIR; };
		F27933C42CFE18C40061E99E /* CreativityTests.xctest */ = {isa = PBXFileReference; explicitFileType = wrapper.cfbundle; includeInIndex = 0; path = CreativityTests.xctest; sourceTree = BUILT_PRODUCTS_DIR; };
		F27933CE2CFE18C40061E99E /* CreativityUITests.xctest */ = {isa = PBXFileReference; explicitFileType = wrapper.cfbundle; includeInIndex = 0; path = CreativityUITests.xctest; sourceTree = BUILT_PRODUCTS_DIR; };
/* End PBXFileReference section */

/* Begin PBXFileSystemSynchronizedRootGroup section */
		F27933B62CFE18C20061E99E /* Creativity */ = {
			isa = PBXFileSystemSynchronizedRootGroup;
			path = Creativity;
			sourceTree = "<group>";
		};
		F27933C72CFE18C40061E99E /* CreativityTests */ = {
			isa = PBXFileSystemSynchronizedRootGroup;
			path = CreativityTests;
			sourceTree = "<group>";
		};
		F27933D12CFE18C40061E99E /* CreativityUITests */ = {
			isa = PBXFileSystemSynchronizedRootGroup;
			path = CreativityUITests;
			sourceTree = "<group>";
		};
/* End PBXFileSystemSynchronizedRootGroup section */

/* Begin PBXFrameworksBuildPhase section */
		F27933B12CFE18C20061E99E /* Frameworks */ = {
			isa = PBXFrameworksBuildPhase;
			buildActionMask = 2147483647;
			files = (
			);
			runOnlyForDeploymentPostprocessing = 0;
		};
		F27933C12CFE18C40061E99E /* Frameworks */ = {
			isa = PBXFrameworksBuildPhase;
			buildActionMask = 2147483647;
			files = (
			);
			runOnlyForDeploymentPostprocessing = 0;
		};
		F27933CB2CFE18C40061E99E /* Frameworks */ = {
			isa = PBXFrameworksBuildPhase;
			buildActionMask = 2147483647;
			files = (
			);
			runOnlyForDeploymentPostprocessing = 0;
		};
/* End PBXFrameworksBuildPhase section */

/* Begin PBXGroup section */
		F27933AB2CFE18C20061E99E = {
			isa = PBXGroup;
			children = (
				F27933B62CFE18C20061E99E /* Creativity */,
				F27933C72CFE18C40061E99E /* CreativityTests */,
				F27933D12CFE18C40061E99E /* CreativityUITests */,
				F27933B52CFE18C20061E99E /* Products */,
			);
			sourceTree = "<group>";
		};
		F27933B52CFE18C20061E99E /* Products */ = {
			isa = PBXGroup;
			children = (
				F27933B42CFE18C20061E99E /* Creativity.app */,
				F27933C42CFE18C40061E99E /* CreativityTests.xctest */,
				F27933CE2CFE18C40061E99E /* CreativityUITests.xctest */,
			);
			name = Products;
			sourceTree = "<group>";
		};
/* End PBXGroup section */

/* Begin PBXNativeTarget section */
		F27933B32CFE18C20061E99E /* Creativity */ = {
			isa = PBXNativeTarget;
			buildConfigurationList = F27933D82CFE18C40061E99E /* Build configuration list for PBXNativeTarget "Creativity" */;
			buildPhases = (
				F27933B02CFE18C20061E99E /* Sources */,
				F27933B12CFE18C20061E99E /* Frameworks */,
				F27933B22CFE18C20061E99E /* Resources */,
			);
			buildRules = (
			);
			dependencies = (
			);
			fileSystemSynchronizedGroups = (
				F27933B62CFE18C20061E99E /* Creativity */,
			);
			name = Creativity;
			packageProductDependencies = (
			);
			productName = Creativity;
			productReference = F27933B42CFE18C20061E99E /* Creativity.app */;
			productType = "com.apple.product-type.application";
		};
		F27933C32CFE18C40061E99E /* CreativityTests */ = {
			isa = PBXNativeTarget;
			buildConfigurationList = F27933DB2CFE18C40061E99E /* Build configuration list for PBXNativeTarget "CreativityTests" */;
			buildPhases = (
				F27933C02CFE18C40061E99E /* Sources */,
				F27933C12CFE18C40061E99E /* Frameworks */,
				F27933C22CFE18C40061E99E /* Resources */,
			);
			buildRules = (
			);
			dependencies = (
				F27933C62CFE18C40061E99E /* PBXTargetDependency */,
			);
			fileSystemSynchronizedGroups = (
				F27933C72CFE18C40061E99E /* CreativityTests */,
			);
			name = CreativityTests;
			packageProductDependencies = (
			);
			productName = CreativityTests;
			productReference = F27933C42CFE18C40061E99E /* CreativityTests.xctest */;
			productType = "com.apple.product-type.bundle.unit-test";
		};
		F27933CD2CFE18C40061E99E /* CreativityUITests */ = {
			isa = PBXNativeTarget;
			buildConfigurationList = F27933DE2CFE18C40061E99E /* Build configuration list for PBXNativeTarget "CreativityUITests" */;
			buildPhases = (
				F27933CA2CFE18C40061E99E /* Sources */,
				F27933CB2CFE18C40061E99E /* Frameworks */,
				F27933CC2CFE18C40061E99E /* Resources */,
			);
			buildRules = (
			);
			dependencies = (
				F27933D02CFE18C40061E99E /* PBXTargetDependency */,
			);
			fileSystemSynchronizedGroups = (
				F27933D12CFE18C40061E99E /* CreativityUITests */,
			);
			name = CreativityUITests;
			packageProductDependencies = (
			);
			productName = CreativityUITests;
			productReference = F27933CE2CFE18C40061E99E /* CreativityUITests.xctest */;
			productType = "com.apple.product-type.bundle.ui-testing";
		};
/* End PBXNativeTarget section */

/* Begin PBXProject section */
		F27933AC2CFE18C20061E99E /* Project object */ = {
			isa = PBXProject;
			attributes = {
				BuildIndependentTargetsInParallel = 1;
				LastSwiftUpdateCheck = 1610;
				LastUpgradeCheck = 1610;
				TargetAttributes = {
					F27933B32CFE18C20061E99E = {
						CreatedOnToolsVersion = 16.1;
					};
					F27933C32CFE18C40061E99E = {
						CreatedOnToolsVersion = 16.1;
						TestTargetID = F27933B32CFE18C20061E99E;
					};
					F27933CD2CFE18C40061E99E = {
						CreatedOnToolsVersion = 16.1;
						TestTargetID = F27933B32CFE18C20061E99E;
					};
				};
			};
			buildConfigurationList = F27933AF2CFE18C20061E99E /* Build configuration list for PBXProject "Creativity" */;
			developmentRegion = en;
			hasScannedForEncodings = 0;
			knownRegions = (
				en,
				Base,
			);
			mainGroup = F27933AB2CFE18C20061E99E;
			minimizedProjectReferenceProxies = 1;
			preferredProjectObjectVersion = 77;
			productRefGroup = F27933B52CFE18C20061E99E /* Products */;
			projectDirPath = "";
			projectRoot = "";
			targets = (
				F27933B32CFE18C20061E99E /* Creativity */,
				F27933C32CFE18C40061E99E /* CreativityTests */,
				F27933CD2CFE18C40061E99E /* CreativityUITests */,
			);
		};
/* End PBXProject section */

/* Begin PBXResourcesBuildPhase section */
		F27933B22CFE18C20061E99E /* Resources */ = {
			isa = PBXResourcesBuildPhase;
			buildActionMask = 2147483647;
			files = (
			);
			runOnlyForDeploymentPostprocessing = 0;
		};
		F27933C22CFE18C40061E99E /* Resources */ = {
			isa = PBXResourcesBuildPhase;
			buildActionMask = 2147483647;
			files = (
			);
			runOnlyForDeploymentPostprocessing = 0;
		};
		F27933CC2CFE18C40061E99E /* Resources */ = {
			isa = PBXResourcesBuildPhase;
			buildActionMask = 2147483647;
			files = (
			);
			runOnlyForDeploymentPostprocessing = 0;
		};
/* End PBXResourcesBuildPhase section */

/* Begin PBXSourcesBuildPhase section */
		F27933B02CFE18C20061E99E /* Sources */ = {
			isa = PBXSourcesBuildPhase;
			buildActionMask = 2147483647;
			files = (
			);
			runOnlyForDeploymentPostprocessing = 0;
		};
		F27933C02CFE18C40061E99E /* Sources */ = {
			isa = PBXSourcesBuildPhase;
			buildActionMask = 2147483647;
			files = (
			);
			runOnlyForDeploymentPostprocessing = 0;
		};
		F27933CA2CFE18C40061E99E /* Sources */ = {
			isa = PBXSourcesBuildPhase;
			buildActionMask = 2147483647;
			files = (
			);
			runOnlyForDeploymentPostprocessing = 0;
		};
/* End PBXSourcesBuildPhase section */

/* Begin PBXTargetDependency section */
		F27933C62CFE18C40061E99E /* PBXTargetDependency */ = {
			isa = PBXTargetDependency;
			target = F27933B32CFE18C20061E99E /* Creativity */;
			targetProxy = F27933C52CFE18C40061E99E /* PBXContainerItemProxy */;
		};
		F27933D02CFE18C40061E99E /* PBXTargetDependency */ = {
			isa = PBXTargetDependency;
			target = F27933B32CFE18C20061E99E /* Creativity */;
			targetProxy = F27933CF2CFE18C40061E99E /* PBXContainerItemProxy */;
		};
/* End PBXTargetDependency section */

/* Begin XCBuildConfiguration section */
		F27933D62CFE18C40061E99E /* Debug */ = {
			isa = XCBuildConfiguration;
			buildSettings = {
				ALWAYS_SEARCH_USER_PATHS = NO;
				ASSETCATALOG_COMPILER_GENERATE_SWIFT_ASSET_SYMBOL_EXTENSIONS = YES;
				CLANG_ANALYZER_NONNULL = YES;
				CLANG_ANALYZER_NUMBER_OBJECT_CONVERSION = YES_AGGRESSIVE;
				CLANG_CXX_LANGUAGE_STANDARD = "gnu++20";
				CLANG_ENABLE_MODULES = YES;
				CLANG_ENABLE_OBJC_ARC = YES;
				CLANG_ENABLE_OBJC_WEAK = YES;
				CLANG_WARN_BLOCK_CAPTURE_AUTORELEASING = YES;
				CLANG_WARN_BOOL_CONVERSION = YES;
				CLANG_WARN_COMMA = YES;
				CLANG_WARN_CONSTANT_CONVERSION = YES;
				CLANG_WARN_DEPRECATED_OBJC_IMPLEMENTATIONS = YES;
				CLANG_WARN_DIRECT_OBJC_ISA_USAGE = YES_ERROR;
				CLANG_WARN_DOCUMENTATION_COMMENTS = YES;
				CLANG_WARN_EMPTY_BODY = YES;
				CLANG_WARN_ENUM_CONVERSION = YES;
				CLANG_WARN_INFINITE_RECURSION = YES;
				CLANG_WARN_INT_CONVERSION = YES;
				CLANG_WARN_NON_LITERAL_NULL_CONVERSION = YES;
				CLANG_WARN_OBJC_IMPLICIT_RETAIN_SELF = YES;
				CLANG_WARN_OBJC_LITERAL_CONVERSION = YES;
				CLANG_WARN_OBJC_ROOT_CLASS = YES_ERROR;
				CLANG_WARN_QUOTED_INCLUDE_IN_FRAMEWORK_HEADER = YES;
				CLANG_WARN_RANGE_LOOP_ANALYSIS = YES;
				CLANG_WARN_STRICT_PROTOTYPES = YES;
				CLANG_WARN_SUSPICIOUS_MOVE = YES;
				CLANG_WARN_UNGUARDED_AVAILABILITY = YES_AGGRESSIVE;
				CLANG_WARN_UNREACHABLE_CODE = YES;
				CLANG_WARN__DUPLICATE_METHOD_MATCH = YES;
				COPY_PHASE_STRIP = NO;
				DEBUG_INFORMATION_FORMAT = dwarf;
				ENABLE_STRICT_OBJC_MSGSEND = YES;
				ENABLE_TESTABILITY = YES;
				ENABLE_USER_SCRIPT_SANDBOXING = YES;
				GCC_C_LANGUAGE_STANDARD = gnu17;
				GCC_DYNAMIC_NO_PIC = NO;
				GCC_NO_COMMON_BLOCKS = YES;
				GCC_OPTIMIZATION_LEVEL = 0;
				GCC_PREPROCESSOR_DEFINITIONS = (
					"DEBUG=1",
					"$(inherited)",
				);
				GCC_WARN_64_TO_32_BIT_CONVERSION = YES;
				GCC_WARN_ABOUT_RETURN_TYPE = YES_ERROR;
				GCC_WARN_UNDECLARED_SELECTOR = YES;
				GCC_WARN_UNINITIALIZED_AUTOS = YES_AGGRESSIVE;
				GCC_WARN_UNUSED_FUNCTION = YES;
				GCC_WARN_UNUSED_VARIABLE = YES;
				IPHONEOS_DEPLOYMENT_TARGET = 18.1;
				LOCALIZATION_PREFERS_STRING_CATALOGS = YES;
				MTL_ENABLE_DEBUG_INFO = INCLUDE_SOURCE;
				MTL_FAST_MATH = YES;
				ONLY_ACTIVE_ARCH = YES;
				SDKROOT = iphoneos;
				SWIFT_ACTIVE_COMPILATION_CONDITIONS = "DEBUG $(inherited)";
				SWIFT_OPTIMIZATION_LEVEL = "-Onone";
			};
			name = Debug;
		};
		F27933D72CFE18C40061E99E /* Release */ = {
			isa = XCBuildConfiguration;
			buildSettings = {
				ALWAYS_SEARCH_USER_PATHS = NO;
				ASSETCATALOG_COMPILER_GENERATE_SWIFT_ASSET_SYMBOL_EXTENSIONS = YES;
				CLANG_ANALYZER_NONNULL = YES;
				CLANG_ANALYZER_NUMBER_OBJECT_CONVERSION = YES_AGGRESSIVE;
				CLANG_CXX_LANGUAGE_STANDARD = "gnu++20";
				CLANG_ENABLE_MODULES = YES;
				CLANG_ENABLE_OBJC_ARC = YES;
				CLANG_ENABLE_OBJC_WEAK = YES;
				CLANG_WARN_BLOCK_CAPTURE_AUTORELEASING = YES;
				CLANG_WARN_BOOL_CONVERSION = YES;
				CLANG_WARN_COMMA = YES;
				CLANG_WARN_CONSTANT_CONVERSION = YES;
				CLANG_WARN_DEPRECATED_OBJC_IMPLEMENTATIONS = YES;
				CLANG_WARN_DIRECT_OBJC_ISA_USAGE = YES_ERROR;
				CLANG_WARN_DOCUMENTATION_COMMENTS = YES;
				CLANG_WARN_EMPTY_BODY = YES;
				CLANG_WARN_ENUM_CONVERSION = YES;
				CLANG_WARN_INFINITE_RECURSION = YES;
				CLANG_WARN_INT_CONVERSION = YES;
				CLANG_WARN_NON_LITERAL_NULL_CONVERSION = YES;
				CLANG_WARN_OBJC_IMPLICIT_RETAIN_SELF = YES;
				CLANG_WARN_OBJC_LITERAL_CONVERSION = YES;
				CLANG_WARN_OBJC_ROOT_CLASS = YES_ERROR;
				CLANG_WARN_QUOTED_INCLUDE_IN_FRAMEWORK_HEADER = YES;
				CLANG_WARN_RANGE_LOOP_ANALYSIS = YES;
				CLANG_WARN_STRICT_PROTOTYPES = YES;
				CLANG_WARN_SUSPICIOUS_MOVE = YES;
				CLANG_WARN_UNGUARDED_AVAILABILITY = YES_AGGRESSIVE;
				CLANG_WARN_UNREACHABLE_CODE = YES;
				CLANG_WARN__DUPLICATE_METHOD_MATCH = YES;
				COPY_PHASE_STRIP = NO;
				DEBUG_INFORMATION_FORMAT = "dwarf-with-dsym";
				ENABLE_NS_ASSERTIONS = NO;
				ENABLE_STRICT_OBJC_MSGSEND = YES;
				ENABLE_USER_SCRIPT_SANDBOXING = YES;
				GCC_C_LANGUAGE_STANDARD = gnu17;
				GCC_NO_COMMON_BLOCKS = YES;
				GCC_WARN_64_TO_32_BIT_CONVERSION = YES;
				GCC_WARN_ABOUT_RETURN_TYPE = YES_ERROR;
				GCC_WARN_UNDECLARED_SELECTOR = YES;
				GCC_WARN_UNINITIALIZED_AUTOS = YES_AGGRESSIVE;
				GCC_WARN_UNUSED_FUNCTION = YES;
				GCC_WARN_UNUSED_VARIABLE = YES;
				IPHONEOS_DEPLOYMENT_TARGET = 18.1;
				LOCALIZATION_PREFERS_STRING_CATALOGS = YES;
				MTL_ENABLE_DEBUG_INFO = NO;
				MTL_FAST_MATH = YES;
				SDKROOT = iphoneos;
				SWIFT_COMPILATION_MODE = wholemodule;
				VALIDATE_PRODUCT = YES;
			};
			name = Release;
		};
		F27933D92CFE18C40061E99E /* Debug */ = {
			isa = XCBuildConfiguration;
			buildSettings = {
				ASSETCATALOG_COMPILER_APPICON_NAME = AppIcon;
				ASSETCATALOG_COMPILER_GLOBAL_ACCENT_COLOR_NAME = AccentColor;
				CODE_SIGN_STYLE = Automatic;
				CURRENT_PROJECT_VERSION = 1;
				DEVELOPMENT_ASSET_PATHS = "\"Creativity/Preview Content\"";
				DEVELOPMENT_TEAM = U368C4952F;
				ENABLE_PREVIEWS = YES;
				GENERATE_INFOPLIST_FILE = YES;
				INFOPLIST_KEY_UIApplicationSceneManifest_Generation = YES;
				INFOPLIST_KEY_UIApplicationSupportsIndirectInputEvents = YES;
				INFOPLIST_KEY_UILaunchScreen_Generation = YES;
				INFOPLIST_KEY_UISupportedInterfaceOrientations_iPad = "UIInterfaceOrientationPortrait UIInterfaceOrientationPortraitUpsideDown UIInterfaceOrientationLandscapeLeft UIInterfaceOrientationLandscapeRight";
				INFOPLIST_KEY_UISupportedInterfaceOrientations_iPhone = "UIInterfaceOrientationPortrait UIInterfaceOrientationLandscapeLeft UIInterfaceOrientationLandscapeRight";
				LD_RUNPATH_SEARCH_PATHS = (
					"$(inherited)",
					"@executable_path/Frameworks",
				);
				MARKETING_VERSION = 1.0;
				PRODUCT_BUNDLE_IDENTIFIER = carson.ctec.Creativity;
				PRODUCT_NAME = "$(TARGET_NAME)";
				SWIFT_EMIT_LOC_STRINGS = YES;
				SWIFT_VERSION = 5.0;
				TARGETED_DEVICE_FAMILY = "1,2";
			};
			name = Debug;
		};
		F27933DA2CFE18C40061E99E /* Release */ = {
			isa = XCBuildConfiguration;
			buildSettings = {
				ASSETCATALOG_COMPILER_APPICON_NAME = AppIcon;
				ASSETCATALOG_COMPILER_GLOBAL_ACCENT_COLOR_NAME = AccentColor;
				CODE_SIGN_STYLE = Automatic;
				CURRENT_PROJECT_VERSION = 1;
				DEVELOPMENT_ASSET_PATHS = "\"Creativity/Preview Content\"";
				DEVELOPMENT_TEAM = U368C4952F;
				ENABLE_PREVIEWS = YES;
				GENERATE_INFOPLIST_FILE = YES;
				INFOPLIST_KEY_UIApplicationSceneManifest_Generation = YES;
				INFOPLIST_KEY_UIApplicationSupportsIndirectInputEvents = YES;
				INFOPLIST_KEY_UILaunchScreen_Generation = YES;
				INFOPLIST_KEY_UISupportedInterfaceOrientations_iPad = "UIInterfaceOrientationPortrait UIInterfaceOrientationPortraitUpsideDown UIInterfaceOrientationLandscapeLeft UIInterfaceOrientationLandscapeRight";
				INFOPLIST_KEY_UISupportedInterfaceOrientations_iPhone = "UIInterfaceOrientationPortrait UIInterfaceOrientationLandscapeLeft UIInterfaceOrientationLandscapeRight";
				LD_RUNPATH_SEARCH_PATHS = (
					"$(inherited)",
					"@executable_path/Frameworks",
				);
				MARKETING_VERSION = 1.0;
				PRODUCT_BUNDLE_IDENTIFIER = carson.ctec.Creativity;
				PRODUCT_NAME = "$(TARGET_NAME)";
				SWIFT_EMIT_LOC_STRINGS = YES;
				SWIFT_VERSION = 5.0;
				TARGETED_DEVICE_FAMILY = "1,2";
			};
			name = Release;
		};
		F27933DC2CFE18C40061E99E /* Debug */ = {
			isa = XCBuildConfiguration;
			buildSettings = {
				BUNDLE_LOADER = "$(TEST_HOST)";
				CODE_SIGN_STYLE = Automatic;
				CURRENT_PROJECT_VERSION = 1;
				DEVELOPMENT_TEAM = U368C4952F;
				GENERATE_INFOPLIST_FILE = YES;
				IPHONEOS_DEPLOYMENT_TARGET = 18.1;
				MARKETING_VERSION = 1.0;
				PRODUCT_BUNDLE_IDENTIFIER = carson.ctec.CreativityTests;
				PRODUCT_NAME = "$(TARGET_NAME)";
				SWIFT_EMIT_LOC_STRINGS = NO;
				SWIFT_VERSION = 5.0;
				TARGETED_DEVICE_FAMILY = "1,2";
				TEST_HOST = "$(BUILT_PRODUCTS_DIR)/Creativity.app/$(BUNDLE_EXECUTABLE_FOLDER_PATH)/Creativity";
			};
			name = Debug;
		};
		F27933DD2CFE18C40061E99E /* Release */ = {
			isa = XCBuildConfiguration;
			buildSettings = {
				BUNDLE_LOADER = "$(TEST_HOST)";
				CODE_SIGN_STYLE = Automatic;
				CURRENT_PROJECT_VERSION = 1;
				DEVELOPMENT_TEAM = U368C4952F;
				GENERATE_INFOPLIST_FILE = YES;
				IPHONEOS_DEPLOYMENT_TARGET = 18.1;
				MARKETING_VERSION = 1.0;
				PRODUCT_BUNDLE_IDENTIFIER = carson.ctec.CreativityTests;
				PRODUCT_NAME = "$(TARGET_NAME)";
				SWIFT_EMIT_LOC_STRINGS = NO;
				SWIFT_VERSION = 5.0;
				TARGETED_DEVICE_FAMILY = "1,2";
				TEST_HOST = "$(BUILT_PRODUCTS_DIR)/Creativity.app/$(BUNDLE_EXECUTABLE_FOLDER_PATH)/Creativity";
			};
			name = Release;
		};
		F27933DF2CFE18C40061E99E /* Debug */ = {
			isa = XCBuildConfiguration;
			buildSettings = {
				CODE_SIGN_STYLE = Automatic;
				CURRENT_PROJECT_VERSION = 1;
				DEVELOPMENT_TEAM = U368C4952F;
				GENERATE_INFOPLIST_FILE = YES;
				MARKETING_VERSION = 1.0;
				PRODUCT_BUNDLE_IDENTIFIER = carson.ctec.CreativityUITests;
				PRODUCT_NAME = "$(TARGET_NAME)";
				SWIFT_EMIT_LOC_STRINGS = NO;
				SWIFT_VERSION = 5.0;
				TARGETED_DEVICE_FAMILY = "1,2";
				TEST_TARGET_NAME = Creativity;
			};
			name = Debug;
		};
		F27933E02CFE18C40061E99E /* Release */ = {
			isa = XCBuildConfiguration;
			buildSettings = {
				CODE_SIGN_STYLE = Automatic;
				CURRENT_PROJECT_VERSION = 1;
				DEVELOPMENT_TEAM = U368C4952F;
				GENERATE_INFOPLIST_FILE = YES;
				MARKETING_VERSION = 1.0;
				PRODUCT_BUNDLE_IDENTIFIER = carson.ctec.CreativityUITests;
				PRODUCT_NAME = "$(TARGET_NAME)";
				SWIFT_EMIT_LOC_STRINGS = NO;
				SWIFT_VERSION = 5.0;
				TARGETED_DEVICE_FAMILY = "1,2";
				TEST_TARGET_NAME = Creativity;
			};
			name = Release;
		};
/* End XCBuildConfiguration section */

/* Begin XCConfigurationList section */
		F27933AF2CFE18C20061E99E /* Build configuration list for PBXProject "Creativity" */ = {
			isa = XCConfigurationList;
			buildConfigurations = (
				F27933D62CFE18C40061E99E /* Debug */,
				F27933D72CFE18C40061E99E /* Release */,
			);
			defaultConfigurationIsVisible = 0;
			defaultConfigurationName = Release;
		};
		F27933D82CFE18C40061E99E /* Build configuration list for PBXNativeTarget "Creativity" */ = {
			isa = XCConfigurationList;
			buildConfigurations = (
				F27933D92CFE18C40061E99E /* Debug */,
				F27933DA2CFE18C40061E99E /* Release */,
			);
			defaultConfigurationIsVisible = 0;
			defaultConfigurationName = Release;
		};
		F27933DB2CFE18C40061E99E /* Build configuration list for PBXNativeTarget "CreativityTests" */ = {
			isa = XCConfigurationList;
			buildConfigurations = (
				F27933DC2CFE18C40061E99E /* Debug */,
				F27933DD2CFE18C40061E99E /* Release */,
			);
			defaultConfigurationIsVisible = 0;
			defaultConfigurationName = Release;
		};
		F27933DE2CFE18C40061E99E /* Build configuration list for PBXNativeTarget "CreativityUITests" */ = {
			isa = XCConfigurationList;
			buildConfigurations = (
				F27933DF2CFE18C40061E99E /* Debug */,
				F27933E02CFE18C40061E99E /* Release */,
			);
			defaultConfigurationIsVisible = 0;
			defaultConfigurationName = Release;
		};
/* End XCConfigurationList section */
	};
	rootObject = F27933AC2CFE18C20061E99E /* Project object */;
}
